
Microsoft Visual Studio Solution File, Format Version 12.00
# Visual Studio Version 17
VisualStudioVersion = 17.9.34723.18
MinimumVisualStudioVersion = 10.0.40219.1
Project("{888888A0-9F3D-457C-B088-3A5042F75D52}") = "functions_1", "functions_1\functions_1.pyproj", "{B7519FA3-1FC0-420C-9272-33DCD775711B}"
EndProject
Global
	GlobalSection(SolutionConfigurationPlatforms) = preSolution
		Debug|Any CPU = Debug|Any CPU
		Release|Any CPU = Release|Any CPU
	EndGlobalSection
	GlobalSection(ProjectConfigurationPlatforms) = postSolution
		{B7519FA3-1FC0-420C-9272-33DCD775711B}.Debug|Any CPU.ActiveCfg = Debug|Any CPU
		{B7519FA3-1FC0-420C-9272-33DCD775711B}.Release|Any CPU.ActiveCfg = Release|Any CPU
	EndGlobalSection
	GlobalSection(SolutionProperties) = preSolution
		HideSolutionNode = FALSE
	EndGlobalSection
	GlobalSection(ExtensibilityGlobals) = postSolution
		SolutionGuid = {7333FCBA-6BB5-473C-A430-483D69A662F7}
	EndGlobalSection
EndGlobal
